
Microsoft Visual Studio Solution File, Format Version 12.00
# Visual Studio 15
VisualStudioVersion = 15.0.28307.1500
MinimumVisualStudioVersion = 10.0.40219.1
Project("{FAE04EC0-301F-11D3-BF4B-00C04F79EFBC}") = "NutritionistCalc", "NutritionistCalc\NutritionistCalc.csproj", "{F5F9A06E-0274-4B70-B1D9-89B967F37A0E}"
EndProject
Global
	GlobalSection(SolutionConfigurationPlatforms) = preSolution
		Debug|Any CPU = Debug|Any CPU
		Release|Any CPU = Release|Any CPU
	EndGlobalSection
	GlobalSection(ProjectConfigurationPlatforms) = postSolution
		{F5F9A06E-0274-4B70-B1D9-89B967F37A0E}.Debug|Any CPU.ActiveCfg = Debug|Any CPU
		{F5F9A06E-0274-4B70-B1D9-89B967F37A0E}.Debug|Any CPU.Build.0 = Debug|Any CPU
		{F5F9A06E-0274-4B70-B1D9-89B967F37A0E}.Release|Any CPU.ActiveCfg = Release|Any CPU
		{F5F9A06E-0274-4B70-B1D9-89B967F37A0E}.Release|Any CPU.Build.0 = Release|Any CPU
	EndGlobalSection
	GlobalSection(SolutionProperties) = preSolution
		HideSolutionNode = FALSE
	EndGlobalSection
	GlobalSection(ExtensibilityGlobals) = postSolution
		SolutionGuid = {70602208-52ED-44D9-A2A6-5332FCB1486A}
	EndGlobalSection
EndGlobal
